
Microsoft Visual Studio Solution File, Format Version 12.00
# Visual Studio 15
VisualStudioVersion = 15.0.28307.438
MinimumVisualStudioVersion = 10.0.40219.1
Project("{FAE04EC0-301F-11D3-BF4B-00C04F79EFBC}") = "JadrovyPanel", "JadrovyPanel\JadrovyPanel.csproj", "{59C04EF7-F9E7-4403-B65F-65466ADBC1FD}"
EndProject
Global
	GlobalSection(SolutionConfigurationPlatforms) = preSolution
		Debug|Any CPU = Debug|Any CPU
		Release|Any CPU = Release|Any CPU
	EndGlobalSection
	GlobalSection(ProjectConfigurationPlatforms) = postSolution
		{59C04EF7-F9E7-4403-B65F-65466ADBC1FD}.Debug|Any CPU.ActiveCfg = Debug|Any CPU
		{59C04EF7-F9E7-4403-B65F-65466ADBC1FD}.Debug|Any CPU.Build.0 = Debug|Any CPU
		{59C04EF7-F9E7-4403-B65F-65466ADBC1FD}.Release|Any CPU.ActiveCfg = Release|Any CPU
		{59C04EF7-F9E7-4403-B65F-65466ADBC1FD}.Release|Any CPU.Build.0 = Release|Any CPU
	EndGlobalSection
	GlobalSection(SolutionProperties) = preSolution
		HideSolutionNode = FALSE
	EndGlobalSection
	GlobalSection(ExtensibilityGlobals) = postSolution
		SolutionGuid = {511B09D4-B634-47E7-B101-77D68D620ACB}
	EndGlobalSection
EndGlobal
